
Microsoft Visual Studio Solution File, Format Version 12.00
# Visual Studio Version 16
VisualStudioVersion = 16.0.31205.134
MinimumVisualStudioVersion = 10.0.40219.1
Project("{FAE04EC0-301F-11D3-BF4B-00C04F79EFBC}") = "Reporte", "Reporte\Reporte.csproj", "{309BFD9B-440B-46B0-A7CB-1D0114472AFA}"
EndProject
Project("{FAE04EC0-301F-11D3-BF4B-00C04F79EFBC}") = "WebApplication", "WebApplication\WebApplication.csproj", "{82D3E782-F176-4E29-86F0-2740377500D5}"
EndProject
Global
	GlobalSection(SolutionConfigurationPlatforms) = preSolution
		Debug|Any CPU = Debug|Any CPU
		Release|Any CPU = Release|Any CPU
	EndGlobalSection
	GlobalSection(ProjectConfigurationPlatforms) = postSolution
		{309BFD9B-440B-46B0-A7CB-1D0114472AFA}.Debug|Any CPU.ActiveCfg = Debug|Any CPU
		{309BFD9B-440B-46B0-A7CB-1D0114472AFA}.Debug|Any CPU.Build.0 = Debug|Any CPU
		{309BFD9B-440B-46B0-A7CB-1D0114472AFA}.Release|Any CPU.ActiveCfg = Release|Any CPU
		{309BFD9B-440B-46B0-A7CB-1D0114472AFA}.Release|Any CPU.Build.0 = Release|Any CPU
		{82D3E782-F176-4E29-86F0-2740377500D5}.Debug|Any CPU.ActiveCfg = Debug|Any CPU
		{82D3E782-F176-4E29-86F0-2740377500D5}.Debug|Any CPU.Build.0 = Debug|Any CPU
		{82D3E782-F176-4E29-86F0-2740377500D5}.Release|Any CPU.ActiveCfg = Release|Any CPU
		{82D3E782-F176-4E29-86F0-2740377500D5}.Release|Any CPU.Build.0 = Release|Any CPU
	EndGlobalSection
	GlobalSection(SolutionProperties) = preSolution
		HideSolutionNode = FALSE
	EndGlobalSection
	GlobalSection(ExtensibilityGlobals) = postSolution
		SolutionGuid = {EE89C359-C29A-4B1E-85E8-742807BC87CB}
	EndGlobalSection
EndGlobal
